
Microsoft Visual Studio Solution File, Format Version 12.00
# Visual Studio 15
VisualStudioVersion = 15.0.28307.489
MinimumVisualStudioVersion = 10.0.40219.1
Project("{FAE04EC0-301F-11D3-BF4B-00C04F79EFBC}") = "dropdownlist", "dropdownlist\dropdownlist.csproj", "{82C052DC-A33D-491A-8F11-462C254BE5F1}"
EndProject
Global
	GlobalSection(SolutionConfigurationPlatforms) = preSolution
		Debug|Any CPU = Debug|Any CPU
		Release|Any CPU = Release|Any CPU
	EndGlobalSection
	GlobalSection(ProjectConfigurationPlatforms) = postSolution
		{82C052DC-A33D-491A-8F11-462C254BE5F1}.Debug|Any CPU.ActiveCfg = Debug|Any CPU
		{82C052DC-A33D-491A-8F11-462C254BE5F1}.Debug|Any CPU.Build.0 = Debug|Any CPU
		{82C052DC-A33D-491A-8F11-462C254BE5F1}.Release|Any CPU.ActiveCfg = Release|Any CPU
		{82C052DC-A33D-491A-8F11-462C254BE5F1}.Release|Any CPU.Build.0 = Release|Any CPU
	EndGlobalSection
	GlobalSection(SolutionProperties) = preSolution
		HideSolutionNode = FALSE
	EndGlobalSection
	GlobalSection(ExtensibilityGlobals) = postSolution
		SolutionGuid = {12557388-9F3C-4AAB-B21E-1F8C77906AD3}
	EndGlobalSection
EndGlobal
